
Microsoft Visual Studio Solution File, Format Version 12.00
# Visual Studio Version 17
VisualStudioVersion = 17.9.34607.119
MinimumVisualStudioVersion = 10.0.40219.1
Project("{FAE04EC0-301F-11D3-BF4B-00C04F79EFBC}") = "WebApi", "WebApi\WebApi.csproj", "{2C764041-08C6-403D-8B9C-E945D584A4E6}"
EndProject
Project("{FAE04EC0-301F-11D3-BF4B-00C04F79EFBC}") = "Business", "Business\Business.csproj", "{43FE5EFC-AC33-4603-9E06-485F8206B5D5}"
EndProject
Project("{FAE04EC0-301F-11D3-BF4B-00C04F79EFBC}") = "DataAccess", "DataAccess\DataAccess.csproj", "{1F62F608-6B83-4C20-A4BC-05953F675026}"
EndProject
Project("{FAE04EC0-301F-11D3-BF4B-00C04F79EFBC}") = "Entities", "Entities\Entities.csproj", "{C23A9D30-539E-44E4-BCDA-74F7BD562BB3}"
EndProject
Project("{FAE04EC0-301F-11D3-BF4B-00C04F79EFBC}") = "Core", "Core\Core.csproj", "{35E80651-C799-4516-BD9A-1D2967887E17}"
EndProject
Global
	GlobalSection(SolutionConfigurationPlatforms) = preSolution
		Debug|Any CPU = Debug|Any CPU
		Release|Any CPU = Release|Any CPU
	EndGlobalSection
	GlobalSection(ProjectConfigurationPlatforms) = postSolution
		{2C764041-08C6-403D-8B9C-E945D584A4E6}.Debug|Any CPU.ActiveCfg = Debug|Any CPU
		{2C764041-08C6-403D-8B9C-E945D584A4E6}.Debug|Any CPU.Build.0 = Debug|Any CPU
		{2C764041-08C6-403D-8B9C-E945D584A4E6}.Release|Any CPU.ActiveCfg = Release|Any CPU
		{2C764041-08C6-403D-8B9C-E945D584A4E6}.Release|Any CPU.Build.0 = Release|Any CPU
		{43FE5EFC-AC33-4603-9E06-485F8206B5D5}.Debug|Any CPU.ActiveCfg = Debug|Any CPU
		{43FE5EFC-AC33-4603-9E06-485F8206B5D5}.Debug|Any CPU.Build.0 = Debug|Any CPU
		{43FE5EFC-AC33-4603-9E06-485F8206B5D5}.Release|Any CPU.ActiveCfg = Release|Any CPU
		{43FE5EFC-AC33-4603-9E06-485F8206B5D5}.Release|Any CPU.Build.0 = Release|Any CPU
		{1F62F608-6B83-4C20-A4BC-05953F675026}.Debug|Any CPU.ActiveCfg = Debug|Any CPU
		{1F62F608-6B83-4C20-A4BC-05953F675026}.Debug|Any CPU.Build.0 = Debug|Any CPU
		{1F62F608-6B83-4C20-A4BC-05953F675026}.Release|Any CPU.ActiveCfg = Release|Any CPU
		{1F62F608-6B83-4C20-A4BC-05953F675026}.Release|Any CPU.Build.0 = Release|Any CPU
		{C23A9D30-539E-44E4-BCDA-74F7BD562BB3}.Debug|Any CPU.ActiveCfg = Debug|Any CPU
		{C23A9D30-539E-44E4-BCDA-74F7BD562BB3}.Debug|Any CPU.Build.0 = Debug|Any CPU
		{C23A9D30-539E-44E4-BCDA-74F7BD562BB3}.Release|Any CPU.ActiveCfg = Release|Any CPU
		{C23A9D30-539E-44E4-BCDA-74F7BD562BB3}.Release|Any CPU.Build.0 = Release|Any CPU
		{35E80651-C799-4516-BD9A-1D2967887E17}.Debug|Any CPU.ActiveCfg = Debug|Any CPU
		{35E80651-C799-4516-BD9A-1D2967887E17}.Debug|Any CPU.Build.0 = Debug|Any CPU
		{35E80651-C799-4516-BD9A-1D2967887E17}.Release|Any CPU.ActiveCfg = Release|Any CPU
		{35E80651-C799-4516-BD9A-1D2967887E17}.Release|Any CPU.Build.0 = Release|Any CPU
	EndGlobalSection
	GlobalSection(SolutionProperties) = preSolution
		HideSolutionNode = FALSE
	EndGlobalSection
	GlobalSection(ExtensibilityGlobals) = postSolution
		SolutionGuid = {A2A2821C-2E82-4DE6-A20D-3E8313E932D4}
	EndGlobalSection
EndGlobal
